
Microsoft Visual Studio Solution File, Format Version 12.00
# Visual Studio Version 16
VisualStudioVersion = 16.0.31727.386
MinimumVisualStudioVersion = 10.0.40219.1
Project("{FAE04EC0-301F-11D3-BF4B-00C04F79EFBC}") = "FinalChallenge", "FinalChallenge.csproj", "{05E003AF-DFD5-4DE9-B295-45E27967EAF8}"
EndProject
Global
	GlobalSection(SolutionConfigurationPlatforms) = preSolution
		Debug|Any CPU = Debug|Any CPU
		Release|Any CPU = Release|Any CPU
	EndGlobalSection
	GlobalSection(ProjectConfigurationPlatforms) = postSolution
		{05E003AF-DFD5-4DE9-B295-45E27967EAF8}.Debug|Any CPU.ActiveCfg = Debug|Any CPU
		{05E003AF-DFD5-4DE9-B295-45E27967EAF8}.Debug|Any CPU.Build.0 = Debug|Any CPU
		{05E003AF-DFD5-4DE9-B295-45E27967EAF8}.Release|Any CPU.ActiveCfg = Release|Any CPU
		{05E003AF-DFD5-4DE9-B295-45E27967EAF8}.Release|Any CPU.Build.0 = Release|Any CPU
	EndGlobalSection
	GlobalSection(SolutionProperties) = preSolution
		HideSolutionNode = FALSE
	EndGlobalSection
	GlobalSection(ExtensibilityGlobals) = postSolution
		SolutionGuid = {984DC0F4-83DF-4515-9264-75BA55213E9D}
	EndGlobalSection
EndGlobal
