
Microsoft Visual Studio Solution File, Format Version 12.00
# Visual Studio Version 16
VisualStudioVersion = 16.0.31702.278
MinimumVisualStudioVersion = 10.0.40219.1
Project("{FAE04EC0-301F-11D3-BF4B-00C04F79EFBC}") = "Strings and Integers", "Strings and Integers.csproj", "{19CC9756-DB68-4F06-A38F-BE06B2452252}"
EndProject
Global
	GlobalSection(SolutionConfigurationPlatforms) = preSolution
		Debug|Any CPU = Debug|Any CPU
		Release|Any CPU = Release|Any CPU
	EndGlobalSection
	GlobalSection(ProjectConfigurationPlatforms) = postSolution
		{19CC9756-DB68-4F06-A38F-BE06B2452252}.Debug|Any CPU.ActiveCfg = Debug|Any CPU
		{19CC9756-DB68-4F06-A38F-BE06B2452252}.Debug|Any CPU.Build.0 = Debug|Any CPU
		{19CC9756-DB68-4F06-A38F-BE06B2452252}.Release|Any CPU.ActiveCfg = Release|Any CPU
		{19CC9756-DB68-4F06-A38F-BE06B2452252}.Release|Any CPU.Build.0 = Release|Any CPU
	EndGlobalSection
	GlobalSection(SolutionProperties) = preSolution
		HideSolutionNode = FALSE
	EndGlobalSection
	GlobalSection(ExtensibilityGlobals) = postSolution
		SolutionGuid = {89616F6F-95D2-4F56-9DDA-37F803AA3E65}
	EndGlobalSection
EndGlobal
