
Microsoft Visual Studio Solution File, Format Version 12.00
# Visual Studio Version 16
VisualStudioVersion = 16.0.31702.278
MinimumVisualStudioVersion = 10.0.40219.1
Project("{FAE04EC0-301F-11D3-BF4B-00C04F79EFBC}") = "Method Class", "Method Class.csproj", "{0EA2B4FC-65BE-44AF-8D87-3B36AD377525}"
EndProject
Global
	GlobalSection(SolutionConfigurationPlatforms) = preSolution
		Debug|Any CPU = Debug|Any CPU
		Release|Any CPU = Release|Any CPU
	EndGlobalSection
	GlobalSection(ProjectConfigurationPlatforms) = postSolution
		{0EA2B4FC-65BE-44AF-8D87-3B36AD377525}.Debug|Any CPU.ActiveCfg = Debug|Any CPU
		{0EA2B4FC-65BE-44AF-8D87-3B36AD377525}.Debug|Any CPU.Build.0 = Debug|Any CPU
		{0EA2B4FC-65BE-44AF-8D87-3B36AD377525}.Release|Any CPU.ActiveCfg = Release|Any CPU
		{0EA2B4FC-65BE-44AF-8D87-3B36AD377525}.Release|Any CPU.Build.0 = Release|Any CPU
	EndGlobalSection
	GlobalSection(SolutionProperties) = preSolution
		HideSolutionNode = FALSE
	EndGlobalSection
	GlobalSection(ExtensibilityGlobals) = postSolution
		SolutionGuid = {B3E8AAAD-D3B1-4E8D-9619-6B74C8143E0F}
	EndGlobalSection
EndGlobal
