
Microsoft Visual Studio Solution File, Format Version 12.00
# Visual Studio Version 16
VisualStudioVersion = 16.0.31702.278
MinimumVisualStudioVersion = 10.0.40219.1
Project("{FAE04EC0-301F-11D3-BF4B-00C04F79EFBC}") = "Polymorphism", "Polymorphism.csproj", "{AAEDD860-5E6B-44EF-9E60-9DB44F7FE705}"
EndProject
Global
	GlobalSection(SolutionConfigurationPlatforms) = preSolution
		Debug|Any CPU = Debug|Any CPU
		Release|Any CPU = Release|Any CPU
	EndGlobalSection
	GlobalSection(ProjectConfigurationPlatforms) = postSolution
		{AAEDD860-5E6B-44EF-9E60-9DB44F7FE705}.Debug|Any CPU.ActiveCfg = Debug|Any CPU
		{AAEDD860-5E6B-44EF-9E60-9DB44F7FE705}.Debug|Any CPU.Build.0 = Debug|Any CPU
		{AAEDD860-5E6B-44EF-9E60-9DB44F7FE705}.Release|Any CPU.ActiveCfg = Release|Any CPU
		{AAEDD860-5E6B-44EF-9E60-9DB44F7FE705}.Release|Any CPU.Build.0 = Release|Any CPU
	EndGlobalSection
	GlobalSection(SolutionProperties) = preSolution
		HideSolutionNode = FALSE
	EndGlobalSection
	GlobalSection(ExtensibilityGlobals) = postSolution
		SolutionGuid = {69BEF72A-41B9-4CDE-8EA4-D96EDC9373A1}
	EndGlobalSection
EndGlobal
