
Microsoft Visual Studio Solution File, Format Version 12.00
# Visual Studio Version 16
VisualStudioVersion = 16.0.31702.278
MinimumVisualStudioVersion = 10.0.40219.1
Project("{FAE04EC0-301F-11D3-BF4B-00C04F79EFBC}") = "Operators", "Operators.csproj", "{1A33B1AD-989D-460C-847D-389A9A6DC80F}"
EndProject
Global
	GlobalSection(SolutionConfigurationPlatforms) = preSolution
		Debug|Any CPU = Debug|Any CPU
		Release|Any CPU = Release|Any CPU
	EndGlobalSection
	GlobalSection(ProjectConfigurationPlatforms) = postSolution
		{1A33B1AD-989D-460C-847D-389A9A6DC80F}.Debug|Any CPU.ActiveCfg = Debug|Any CPU
		{1A33B1AD-989D-460C-847D-389A9A6DC80F}.Debug|Any CPU.Build.0 = Debug|Any CPU
		{1A33B1AD-989D-460C-847D-389A9A6DC80F}.Release|Any CPU.ActiveCfg = Release|Any CPU
		{1A33B1AD-989D-460C-847D-389A9A6DC80F}.Release|Any CPU.Build.0 = Release|Any CPU
	EndGlobalSection
	GlobalSection(SolutionProperties) = preSolution
		HideSolutionNode = FALSE
	EndGlobalSection
	GlobalSection(ExtensibilityGlobals) = postSolution
		SolutionGuid = {AEAC3EA4-6465-479A-A92B-30B1550A7A9A}
	EndGlobalSection
EndGlobal
