
Microsoft Visual Studio Solution File, Format Version 12.00
# Visual Studio Version 16
VisualStudioVersion = 16.0.31702.278
MinimumVisualStudioVersion = 10.0.40219.1
Project("{FAE04EC0-301F-11D3-BF4B-00C04F79EFBC}") = "Methods and Objects", "Methods and Objects.csproj", "{06D2B5C0-C6A0-462D-8096-B6889959AC8B}"
EndProject
Global
	GlobalSection(SolutionConfigurationPlatforms) = preSolution
		Debug|Any CPU = Debug|Any CPU
		Release|Any CPU = Release|Any CPU
	EndGlobalSection
	GlobalSection(ProjectConfigurationPlatforms) = postSolution
		{06D2B5C0-C6A0-462D-8096-B6889959AC8B}.Debug|Any CPU.ActiveCfg = Debug|Any CPU
		{06D2B5C0-C6A0-462D-8096-B6889959AC8B}.Debug|Any CPU.Build.0 = Debug|Any CPU
		{06D2B5C0-C6A0-462D-8096-B6889959AC8B}.Release|Any CPU.ActiveCfg = Release|Any CPU
		{06D2B5C0-C6A0-462D-8096-B6889959AC8B}.Release|Any CPU.Build.0 = Release|Any CPU
	EndGlobalSection
	GlobalSection(SolutionProperties) = preSolution
		HideSolutionNode = FALSE
	EndGlobalSection
	GlobalSection(ExtensibilityGlobals) = postSolution
		SolutionGuid = {10BC1B1A-E358-4CD6-BA97-E26F87F87EB9}
	EndGlobalSection
EndGlobal
