
Microsoft Visual Studio Solution File, Format Version 12.00
# Visual Studio Version 16
VisualStudioVersion = 16.0.31624.102
MinimumVisualStudioVersion = 10.0.40219.1
Project("{FAE04EC0-301F-11D3-BF4B-00C04F79EFBC}") = "Math and Comparison Operator", "Math and Comparison Operator.csproj", "{233A8799-2536-47A0-BD21-41B5373D6793}"
EndProject
Global
	GlobalSection(SolutionConfigurationPlatforms) = preSolution
		Debug|Any CPU = Debug|Any CPU
		Release|Any CPU = Release|Any CPU
	EndGlobalSection
	GlobalSection(ProjectConfigurationPlatforms) = postSolution
		{233A8799-2536-47A0-BD21-41B5373D6793}.Debug|Any CPU.ActiveCfg = Debug|Any CPU
		{233A8799-2536-47A0-BD21-41B5373D6793}.Debug|Any CPU.Build.0 = Debug|Any CPU
		{233A8799-2536-47A0-BD21-41B5373D6793}.Release|Any CPU.ActiveCfg = Release|Any CPU
		{233A8799-2536-47A0-BD21-41B5373D6793}.Release|Any CPU.Build.0 = Release|Any CPU
	EndGlobalSection
	GlobalSection(SolutionProperties) = preSolution
		HideSolutionNode = FALSE
	EndGlobalSection
	GlobalSection(ExtensibilityGlobals) = postSolution
		SolutionGuid = {8368CBE7-DA2D-4B1A-BFA8-FF29F621FFDF}
	EndGlobalSection
EndGlobal
